{
    "_meta": {
        "hash": {
            "sha256": "ef58f696908e9a717dcdd3781b9c2e6d0c891ca0e12de2aa8908cf91cee9860b"
        },
        "pipfile-spec": 6,
        "requires": {
            "python_version": "3.10"
        },
        "sources": [
            {
                "name": "pypi",
                "url": "https://pypi.org/simple",
                "verify_ssl": true
            }
        ]
    },
    "default": {
        "amqp": {
            "hashes": [
                "sha256:2c1b13fecc0893e946c65cbd5f36427861cffa4ea2201d8f6fca22e2a373b5e2",
                "sha256:6f0956d2c23d8fa6e7691934d8c3930eadb44972cbbd1a7ae3a520f735d43359"
            ],
            "markers": "python_version >= '3.6'",
            "version": "==5.1.1"
        },
        "asgiref": {
            "hashes": [
                "sha256:71e68008da809b957b7ee4b43dbccff33d1b23519fb8344e33f049897077afac",
                "sha256:9567dfe7bd8d3c8c892227827c41cce860b368104c3431da67a0c5a65a949506"
            ],
            "markers": "python_version >= '3.7'",
            "version": "==3.6.0"
        },
        "billiard": {
            "hashes": [
                "sha256:299de5a8da28a783d51b197d496bef4f1595dd023a93a4f59dde1886ae905547",
                "sha256:87103ea78fa6ab4d5c751c4909bcff74617d985de7fa8b672cf8618afd5a875b"
            ],
            "version": "==3.6.4.0"
        },
        "celery": {
            "hashes": [
                "sha256:138420c020cd58d6707e6257b6beda91fd39af7afde5d36c6334d175302c0e14",
                "sha256:fafbd82934d30f8a004f81e8f7a062e31413a23d444be8ee3326553915958c6d"
            ],
            "index": "pypi",
            "version": "==5.2.7"
        },
        "click": {
            "hashes": [
                "sha256:7682dc8afb30297001674575ea00d1814d808d6a36af415a82bd481d37ba7b8e",
                "sha256:bb4d8133cb15a609f44e8213d9b391b0809795062913b383c62be0ee95b1db48"
            ],
            "markers": "python_version >= '3.7'",
            "version": "==8.1.3"
        },
        "click-didyoumean": {
            "hashes": [
                "sha256:a0713dc7a1de3f06bc0df5a9567ad19ead2d3d5689b434768a6145bff77c0667",
                "sha256:f184f0d851d96b6d29297354ed981b7dd71df7ff500d82fa6d11f0856bee8035"
            ],
            "markers": "python_full_version >= '3.6.2' and python_full_version < '4.0.0'",
            "version": "==0.3.0"
        },
        "click-plugins": {
            "hashes": [
                "sha256:46ab999744a9d831159c3411bb0c79346d94a444df9a3a3742e9ed63645f264b",
                "sha256:5d262006d3222f5057fd81e1623d4443e41dcda5dc815c06b442aa3c02889fc8"
            ],
            "version": "==1.1.1"
        },
        "click-repl": {
            "hashes": [
                "sha256:94b3fbbc9406a236f176e0506524b2937e4b23b6f4c0c0b2a0a83f8a64e9194b",
                "sha256:cd12f68d745bf6151210790540b4cb064c7b13e571bc64b6957d98d120dacfd8"
            ],
            "version": "==0.2.0"
        },
        "django": {
            "hashes": [
                "sha256:ad33ed68db9398f5dfb33282704925bce044bef4261cd4fb59e4e7f9ae505a78",
                "sha256:c36e2ab12824e2ac36afa8b2515a70c53c7742f0d6eaefa7311ec379558db997"
            ],
            "index": "pypi",
            "version": "==4.2"
        },
        "greenlet": {
            "hashes": [
                "sha256:03a8f4f3430c3b3ff8d10a2a86028c660355ab637cee9333d63d66b56f09d52a",
                "sha256:0bf60faf0bc2468089bdc5edd10555bab6e85152191df713e2ab1fcc86382b5a",
                "sha256:18a7f18b82b52ee85322d7a7874e676f34ab319b9f8cce5de06067384aa8ff43",
                "sha256:18e98fb3de7dba1c0a852731c3070cf022d14f0d68b4c87a19cc1016f3bb8b33",
                "sha256:1a819eef4b0e0b96bb0d98d797bef17dc1b4a10e8d7446be32d1da33e095dbb8",
                "sha256:26fbfce90728d82bc9e6c38ea4d038cba20b7faf8a0ca53a9c07b67318d46088",
                "sha256:2780572ec463d44c1d3ae850239508dbeb9fed38e294c68d19a24d925d9223ca",
                "sha256:283737e0da3f08bd637b5ad058507e578dd462db259f7f6e4c5c365ba4ee9343",
                "sha256:2d4686f195e32d36b4d7cf2d166857dbd0ee9f3d20ae349b6bf8afc8485b3645",
                "sha256:2dd11f291565a81d71dab10b7033395b7a3a5456e637cf997a6f33ebdf06f8db",
                "sha256:30bcf80dda7f15ac77ba5af2b961bdd9dbc77fd4ac6105cee85b0d0a5fcf74df",
                "sha256:32e5b64b148966d9cccc2c8d35a671409e45f195864560829f395a54226408d3",
                "sha256:36abbf031e1c0f79dd5d596bfaf8e921c41df2bdf54ee1eed921ce1f52999a86",
                "sha256:3a06ad5312349fec0ab944664b01d26f8d1f05009566339ac6f63f56589bc1a2",
                "sha256:3a51c9751078733d88e013587b108f1b7a1fb106d402fb390740f002b6f6551a",
                "sha256:3c9b12575734155d0c09d6c3e10dbd81665d5c18e1a7c6597df72fd05990c8cf",
                "sha256:3f6ea9bd35eb450837a3d80e77b517ea5bc56b4647f5502cd28de13675ee12f7",
                "sha256:4b58adb399c4d61d912c4c331984d60eb66565175cdf4a34792cd9600f21b394",
                "sha256:4d2e11331fc0c02b6e84b0d28ece3a36e0548ee1a1ce9ddde03752d9b79bba40",
                "sha256:5454276c07d27a740c5892f4907c86327b632127dd9abec42ee62e12427ff7e3",
                "sha256:561091a7be172ab497a3527602d467e2b3fbe75f9e783d8b8ce403fa414f71a6",
                "sha256:6c3acb79b0bfd4fe733dff8bc62695283b57949ebcca05ae5c129eb606ff2d74",
                "sha256:703f18f3fda276b9a916f0934d2fb6d989bf0b4fb5a64825260eb9bfd52d78f0",
                "sha256:7492e2b7bd7c9b9916388d9df23fa49d9b88ac0640db0a5b4ecc2b653bf451e3",
                "sha256:76ae285c8104046b3a7f06b42f29c7b73f77683df18c49ab5af7983994c2dd91",
                "sha256:7cafd1208fdbe93b67c7086876f061f660cfddc44f404279c1585bbf3cdc64c5",
                "sha256:7efde645ca1cc441d6dc4b48c0f7101e8d86b54c8530141b09fd31cef5149ec9",
                "sha256:88d9ab96491d38a5ab7c56dd7a3cc37d83336ecc564e4e8816dbed12e5aaefc8",
                "sha256:8eab883b3b2a38cc1e050819ef06a7e6344d4a990d24d45bc6f2cf959045a45b",
                "sha256:910841381caba4f744a44bf81bfd573c94e10b3045ee00de0cbf436fe50673a6",
                "sha256:9190f09060ea4debddd24665d6804b995a9c122ef5917ab26e1566dcc712ceeb",
                "sha256:937e9020b514ceedb9c830c55d5c9872abc90f4b5862f89c0887033ae33c6f73",
                "sha256:94c817e84245513926588caf1152e3b559ff794d505555211ca041f032abbb6b",
                "sha256:971ce5e14dc5e73715755d0ca2975ac88cfdaefcaab078a284fea6cfabf866df",
                "sha256:9d14b83fab60d5e8abe587d51c75b252bcc21683f24699ada8fb275d7712f5a9",
                "sha256:9f35ec95538f50292f6d8f2c9c9f8a3c6540bbfec21c9e5b4b751e0a7c20864f",
                "sha256:a1846f1b999e78e13837c93c778dcfc3365902cfb8d1bdb7dd73ead37059f0d0",
                "sha256:acd2162a36d3de67ee896c43effcd5ee3de247eb00354db411feb025aa319857",
                "sha256:b0ef99cdbe2b682b9ccbb964743a6aca37905fda5e0452e5ee239b1654d37f2a",
                "sha256:b80f600eddddce72320dbbc8e3784d16bd3fb7b517e82476d8da921f27d4b249",
                "sha256:b864ba53912b6c3ab6bcb2beb19f19edd01a6bfcbdfe1f37ddd1778abfe75a30",
                "sha256:b9ec052b06a0524f0e35bd8790686a1da006bd911dd1ef7d50b77bfbad74e292",
                "sha256:ba2956617f1c42598a308a84c6cf021a90ff3862eddafd20c3333d50f0edb45b",
                "sha256:bdfea8c661e80d3c1c99ad7c3ff74e6e87184895bbaca6ee8cc61209f8b9b85d",
                "sha256:be4ed120b52ae4d974aa40215fcdfde9194d63541c7ded40ee12eb4dda57b76b",
                "sha256:c4302695ad8027363e96311df24ee28978162cdcdd2006476c43970b384a244c",
                "sha256:c48f54ef8e05f04d6eff74b8233f6063cb1ed960243eacc474ee73a2ea8573ca",
                "sha256:c9c59a2120b55788e800d82dfa99b9e156ff8f2227f07c5e3012a45a399620b7",
                "sha256:cd021c754b162c0fb55ad5d6b9d960db667faad0fa2ff25bb6e1301b0b6e6a75",
                "sha256:d27ec7509b9c18b6d73f2f5ede2622441de812e7b1a80bbd446cb0633bd3d5ae",
                "sha256:d5508f0b173e6aa47273bdc0a0b5ba055b59662ba7c7ee5119528f466585526b",
                "sha256:d75209eed723105f9596807495d58d10b3470fa6732dd6756595e89925ce2470",
                "sha256:db1a39669102a1d8d12b57de2bb7e2ec9066a6f2b3da35ae511ff93b01b5d564",
                "sha256:dbfcfc0218093a19c252ca8eb9aee3d29cfdcb586df21049b9d777fd32c14fd9",
                "sha256:e0f72c9ddb8cd28532185f54cc1453f2c16fb417a08b53a855c4e6a418edd099",
                "sha256:e7c8dc13af7db097bed64a051d2dd49e9f0af495c26995c00a9ee842690d34c0",
                "sha256:ea9872c80c132f4663822dd2a08d404073a5a9b5ba6155bea72fb2a79d1093b5",
                "sha256:eff4eb9b7eb3e4d0cae3d28c283dc16d9bed6b193c2e1ace3ed86ce48ea8df19",
                "sha256:f82d4d717d8ef19188687aa32b8363e96062911e63ba22a0cff7802a8e58e5f1",
                "sha256:fc3a569657468b6f3fb60587e48356fe512c1754ca05a564f11366ac9e306526"
            ],
            "markers": "platform_machine == 'aarch64' or (platform_machine == 'ppc64le' or (platform_machine == 'x86_64' or (platform_machine == 'amd64' or (platform_machine == 'AMD64' or (platform_machine == 'win32' or platform_machine == 'WIN32')))))",
            "version": "==2.0.2"
        },
        "kombu": {
            "hashes": [
                "sha256:37cee3ee725f94ea8bb173eaab7c1760203ea53bbebae226328600f9d2799610",
                "sha256:8b213b24293d3417bcf0d2f5537b7f756079e3ea232a8386dcc89a59fd2361a4"
            ],
            "markers": "python_version >= '3.7'",
            "version": "==5.2.4"
        },
        "prompt-toolkit": {
            "hashes": [
                "sha256:23ac5d50538a9a38c8bde05fecb47d0b403ecd0662857a86f886f798563d5b9b",
                "sha256:45ea77a2f7c60418850331366c81cf6b5b9cf4c7fd34616f733c5427e6abbb1f"
            ],
            "markers": "python_full_version >= '3.7.0'",
            "version": "==3.0.38"
        },
        "psycopg": {
            "hashes": [
                "sha256:59b4a71536b146925513c0234dfd1dc42b81e65d56ce5335dff4813434dbc113",
                "sha256:b1500c42063abaa01d30b056f0b300826b8dd8d586900586029a294ce74af327"
            ],
            "index": "pypi",
            "version": "==3.1.8"
        },
        "psycopg-binary": {
            "hashes": [
                "sha256:064502d191d7bc32a48670cc605ce49abcdb5e01e2697ee3fe546cff330fb8ae",
                "sha256:0cc5d5a9b0acbf38e0b4de1c701d235f0cb750ef3de528dedfdbab1a367f2396",
                "sha256:0fe6205af5f63ee6e4816b267bf06add5934a259cddcf7dfdfc8ed738f5127b2",
                "sha256:10b8f1f96f5e8f02a60ba76dab315d3e71cb76c18ff49aa18bbf48a8089c3202",
                "sha256:1425c2cc4cfd4778d9dee578541f11546a93fc2f5c558a0411c94026a1cf94c7",
                "sha256:17d187743d8ca63d24fa724bfee76e50b6473f1fef998cebcd35348b0d5936de",
                "sha256:251d2e6dca112dd359c029f422a025d75e78f2f2af4a2aceff506fdc5120f5f9",
                "sha256:29a38b48cbec8484d83efea4d1d0707e49a3c51a2273cfbaa3d9ba280d3df7d9",
                "sha256:2c3d268cf2dbb79e52a555c2e7b26c6df2d014f3fb918d512ffc25ecc9c54582",
                "sha256:2d5ae85c6037e45862e304d39ec24a24ddebc7d2b5b3601155dddc07c19c0cdc",
                "sha256:2e7a7b41eba96c7b9648efee57298f1aa0d96e081dea76489f52113536981712",
                "sha256:32f2563db6e44372f593a76c94452ce476306e0fb508e092f3fab4d9091a9974",
                "sha256:33ecf37c6348232073ea62b0630655479021f855635f72b4170693032993cdaf",
                "sha256:37212244817b3cc7193ee4b5d60765c020ead5e53589c935d249bfb96452878b",
                "sha256:3762e73b6743139c5258d8b3a294edb309c691ba4f172c9f272315501390e7c2",
                "sha256:37df8714837d2c701ba4c54462a189b95d1a4439d4d147fb71018560e9a60547",
                "sha256:4325cee1641c25719bcf063f7683e909cb8cc9932ace3f8bf20ce112e47ce743",
                "sha256:478ecbb774398e5df6ee365a4d0a77f382a65f140e76720909804255c7801d4a",
                "sha256:574c8b7b51e8d5c06f27125fc218d1328c018c0c1ad8f1202033aa6897b8ee99",
                "sha256:58cb0d007768dbccb67783baacf1c4016c7be8a494339a514321edee3d3b787a",
                "sha256:59d8dbea1bc3dbbc819c0320cb2b641dc362389b096098c62172f49605f58284",
                "sha256:5f8400d400f64f659a897d1ef67212012524cc44882bd24387515df9bb723364",
                "sha256:5fd8492931865cc7181169b2dbf472377a5b5808f001e73f5c25b05bb61e9622",
                "sha256:60b22dd46e4e4f678379cf3388468171c2ecea74e90b1332d173ffa8cd83315f",
                "sha256:61a1ccef7e0bf6128a7818c9d22cc850cf7649cee9541e82e4a8c080a734024d",
                "sha256:73747e6a5dfb05500ff3857f9b9ee50e4f4f663250454d773b98d818545f10fa",
                "sha256:811d870ca9e97875db92f9b346492c4fa7a9edd74dce3604015dd13389fef46a",
                "sha256:858a794c2d5e984627503581f03cc68cef97ee080993b7b6a0b7b30cb4fac107",
                "sha256:8602836138bc209aa5f9821c8e8439466f151c3ec4fcdbc740697e49cff1b920",
                "sha256:87973d064a72bc2716309381b713f49f57c48100fb1f046943b780a04bc011f6",
                "sha256:8a0f425171e95379f1fe93b41d67c6dfe85b6b635944facf07ca26ff7fa8ab1d",
                "sha256:8bb9f577a09e799322008e574a1671c5b2645e990f954be2b7dae669e3779750",
                "sha256:94f9e7ccbfdba1c4f5de80b615187eb47a351ab64a9123d87aea4bf347c1e1d8",
                "sha256:9ac81e68262b03163ca977f34448b4cadbc49db929146406b4706fe2141d76d1",
                "sha256:9cf94411f5a9064cf4ab1066976a7bce44f970f9603a01585c1040465eb312f9",
                "sha256:a161785b1c8e26cd8e8d5436fa39ba2a8af590c17f1741aae11f8076a08485e6",
                "sha256:a1f052642a54eda53786fa8b72fca2e48ceaf0fc2f3e8709c87694fd7c45ac50",
                "sha256:a8fee8d846f9614331bd764850b4c1363730d36e88e14aa28ec4639318fd2093",
                "sha256:a978d2bea09265eb6ebcd1b8a3aa05ea4118aa4013cb9669e12a8656975385cd",
                "sha256:b36fcc67d8b23935ee871a6331c9631ecfdb11452a64f34b8ecb9642de43aec8",
                "sha256:b40b56c5b3ffa8481f7bebb08473602ddb8e2e86ba25bf9261ba428eb7887175",
                "sha256:b4d1a4ea2ca20f0bc944bc28e4addb80e6a22ac60a85fc7035e57c88e96f3a18",
                "sha256:bf59e1d06f420930fc4c16a42ed6476c60c83976c82e53012dbca45f009d5978",
                "sha256:c1a2209ef4df25f4ed8d91924bd4d9c7028d254e61216366c4b894c8a6ea4f88",
                "sha256:c27be5ddf4a05146ae7fb8429e9367dad0dc278a7d0e2f5094dd533195c4f8a1",
                "sha256:cb3013b76cbab4a903f3b9c87f4518335627cb05fd89f9e04520c1743c2b919b",
                "sha256:db84eaa9e2d13e37a97dcd39d2fe78e0a3052c9aa67b5f0b4f3d346a155f4d21",
                "sha256:e3dc783eedde10f966039ecc5f96f7df25c288ea4f6795d28b990f312c33ff09",
                "sha256:e68e8b8077cd45dd2683fcd9a384e7672b400e26c0c7d04dac0cf0763c12be78",
                "sha256:f32684b4fc3863190c4b9c141342b2cbdb81632731b9c68e6946d772ba0560f2",
                "sha256:f45766ce8e74eb456d8672116e936391e67290c50fd0cc1b41876b61261869b6",
                "sha256:f99806a5b9a5ba5cb5f46a0fa0440cd721556e0af09a7cadcc39e27ae9b1807e",
                "sha256:fa8ca48a35be0f9880ed2093c213f07d318fa9389a2b9194196c239e41a77841",
                "sha256:fbfc9ae4edfb76c14d09bd70d6f399eb935008bbb3bc4cd6a4ab76645ba3443e"
            ],
            "index": "pypi",
            "version": "==3.1.8"
        },
        "python-dotenv": {
            "hashes": [
                "sha256:a8df96034aae6d2d50a4ebe8216326c61c3eb64836776504fcca410e5937a3ba",
                "sha256:f5971a9226b701070a4bf2c38c89e5a3f0d64de8debda981d1db98583009122a"
            ],
            "index": "pypi",
            "version": "==1.0.0"
        },
        "pytz": {
            "hashes": [
                "sha256:1d8ce29db189191fb55338ee6d0387d82ab59f3d00eac103412d64e0ebd0c588",
                "sha256:a151b3abb88eda1d4e34a9814df37de2a80e301e68ba0fd856fb9b46bfbbbffb"
            ],
            "version": "==2023.3"
        },
        "six": {
            "hashes": [
                "sha256:1e61c37477a1626458e36f7b1d82aa5c9b094fa4802892072e49de9c60c4c926",
                "sha256:8abb2f1d86890a2dfb989f9a77cfcfd3e47c2a354b01111771326f8aa26e0254"
            ],
            "markers": "python_version >= '2.7' and python_version not in '3.0, 3.1, 3.2, 3.3'",
            "version": "==1.16.0"
        },
        "sqlalchemy": {
            "hashes": [
                "sha256:0624852aec618438a4cd7a53ce00835435588506e6f8fbd60deaf9ac109f7cd0",
                "sha256:0ccd20b5a4e3511c2f0c889b7b79a7462b6c6aa2c06d0f4943c27a552e35e091",
                "sha256:0dd98b0be54503afc4c74e947720c3196f96fb2546bfa54d911d5de313c5463c",
                "sha256:0e53e4920cd5872280256ddf6ca843b5d1435e0302847992bcb90f84b744999f",
                "sha256:125c41b3557179e9a514a1cfe2764433177ba6195b2264725ceaa7a2e8afcbde",
                "sha256:1ab6ac214354957db83c72c65941af7e022d4c9324bdadc54d0266aa162a3828",
                "sha256:1d28e8278d943d9111d44720f92cc338282e956ed68849bfcee053c06bde4f39",
                "sha256:216b9c4dbeaa143a36c9249f9e5a0fd7fa6549a1a3f9de9a2d30104f7e35d8b9",
                "sha256:21f447403a1bfeb832a7384c4ac742b7baab04460632c0335e020e8e2c741d4b",
                "sha256:25bbf89e6f171d37cf3a993dbeee18cb85abe37a421c40e78131bf339e48da9d",
                "sha256:2a5fb41db86f6d4892edcf30bd67418dd757eb0246242648e610fa2bca7533d4",
                "sha256:2f9268d7417467e9fde5f4364c71ce490b18a4b83a6543b0d55d1f83fce42bda",
                "sha256:352dcd93e5a0421eee59dbac0000f8f811203cf228334d85d77b3ef075707322",
                "sha256:3728f7518aa70e5ce88fae4c68b5d7f25493f37d8d867e4a7d60905bd162cd0d",
                "sha256:384fdde6bd628d1a882f04aa9a40aa6928840b02d595ff5bd08abeae4c25f867",
                "sha256:409cc6cd15d4db5c5af2c4e2d3a2137815c31d065cea9a77dec92cbe7cfcf448",
                "sha256:5a2f95901e6bbed27b4ad5d59ab3f970eda0ce0b9ede3a67b6f9a914149ed71b",
                "sha256:62835d8cd6713458c032466c38a43e56503e19ea6e54b0e73295c6ab281fc0b1",
                "sha256:66f24708cebe5a4e900e221574b50e102908f60f539fea30f1922705c0e97744",
                "sha256:718c0a9f8509542d0674c15b01f362b2f10e8bc425db74444bda4e073e06e660",
                "sha256:737a70c994f5b34e437a6ca754957a7a0f6f76c59fa460fc59d1bd15b8f8cb32",
                "sha256:78cbc8eba442c9b8dc2d90c43ac477f0ee27467617704cd82d741b2eb061afb2",
                "sha256:7c4c5834789f718315cb25d1b95d18fde91b72a1a158cdc515d7f6380c1f02a3",
                "sha256:8aea55b1754430449d43823c8c4da2d5c7621ccd1fcd4c36231417762542d4ef",
                "sha256:a71dd742e3146be6fdded0b95a4b779f7d81595760eab32b0f718089573d3b86",
                "sha256:a785c30929a5d82f2fa1c60ec46d623d418b19981dc0c594da806d3901658e39",
                "sha256:a836f391d7dc1039f10d2ef58cdc6e271462d6898dacdae1bfabfc16ca295f2c",
                "sha256:aa81761ff674d2e2d591fc88d31835d3ecf65bddb021a522f4eaaae831c584cf",
                "sha256:aae7710fd24bcf33abed7ab7673dbb38ad48f20555835ff8c77258f07de46a87",
                "sha256:abadc6bf6b2c0a0be4370513221563afdbac3901d29fcdb7faf23b4e1ed26068",
                "sha256:c1dcfea87230e34d7d55f67959ed09d3e60e09b77c76996de151c32f1b780135",
                "sha256:c3cbff7cced3c42dbe71448ce6bf4202b4a2d305e78dd77e3f280ba6cd245138",
                "sha256:d7eab7d668f95a1a2ef443da17154834adf9c5ac742a5992d5ebecbdca7d943e",
                "sha256:d85ca17b070f7076ec2582324331cf3683c09146fd8bd2621e8d80d6c3a93bbf",
                "sha256:e19a03413cf36e86674857e519936b9c9e52059ba9f6e2ab0ec75d9a458277cb",
                "sha256:e48d908695abe05435250e0a083416cc49bd5afd46bc16a7ec8725771aad8eac",
                "sha256:e4d8d96c0a7265de8496250a2c2d02593da5e5e85ea24b5c54c2db028d74cf8c",
                "sha256:e9069faea64d3390d90d16e5b2bc0652d8eb979ccdfd555822d96bc8d93afda1",
                "sha256:eec40c522781a58839df6a2a7a2d9fbaa473419a3ab94633d61e00a8c0c768b7",
                "sha256:f57965a9d5882efdea0a2c87ae2f6c7dbc14591dcd0639209b50eec2b3ec947e",
                "sha256:fb21777cc9205b94f51688cdcba0924bdecbeb23dcf81473ff8c5352211e6e38"
            ],
            "index": "pypi",
            "version": "==2.0.11"
        },
        "sqlparse": {
            "hashes": [
                "sha256:5430a4fe2ac7d0f93e66f1efc6e1338a41884b7ddf2a350cedd20ccc4d9d28f3",
                "sha256:d446183e84b8349fa3061f0fe7f06ca94ba65b426946ffebe6e3e8295332420c"
            ],
            "markers": "python_version >= '3.5'",
            "version": "==0.4.4"
        },
        "typing-extensions": {
            "hashes": [
                "sha256:5cb5f4a79139d699607b3ef622a1dedafa84e115ab0024e0d9c044a9479ca7cb",
                "sha256:fb33085c39dd998ac16d1431ebc293a8b3eedd00fd4a32de0ff79002c19511b4"
            ],
            "markers": "python_version >= '3.7'",
            "version": "==4.5.0"
        },
        "vine": {
            "hashes": [
                "sha256:4c9dceab6f76ed92105027c49c823800dd33cacce13bdedc5b914e3514b7fb30",
                "sha256:7d3b1624a953da82ef63462013bbd271d3eb75751489f9807598e8f340bd637e"
            ],
            "markers": "python_version >= '3.6'",
            "version": "==5.0.0"
        },
        "wcwidth": {
            "hashes": [
                "sha256:795b138f6875577cd91bba52baf9e445cd5118fd32723b460e30a0af30ea230e",
                "sha256:a5220780a404dbe3353789870978e472cfe477761f06ee55077256e509b156d0"
            ],
            "version": "==0.2.6"
        }
    },
    "develop": {}
}
